
Microsoft Visual Studio Solution File, Format Version 12.00
# Visual Studio Version 16
VisualStudioVersion = 16.0.30711.63
MinimumVisualStudioVersion = 10.0.40219.1
Project("{FAE04EC0-301F-11D3-BF4B-00C04F79EFBC}") = "GetItemId", "GetItemId\GetItemId.csproj", "{9E52DF8D-393A-40AE-AB4C-F5A680E2D226}"
EndProject
Project("{FAE04EC0-301F-11D3-BF4B-00C04F79EFBC}") = "GetItemIdWeb", "GetItemIdWeb\GetItemIdWeb.csproj", "{D1816281-DA5E-4E2E-B921-B7A8EF710D5B}"
EndProject
Global
	GlobalSection(SolutionConfigurationPlatforms) = preSolution
		Debug|Any CPU = Debug|Any CPU
		Release|Any CPU = Release|Any CPU
	EndGlobalSection
	GlobalSection(ProjectConfigurationPlatforms) = postSolution
		{9E52DF8D-393A-40AE-AB4C-F5A680E2D226}.Debug|Any CPU.ActiveCfg = Debug|Any CPU
		{9E52DF8D-393A-40AE-AB4C-F5A680E2D226}.Debug|Any CPU.Build.0 = Debug|Any CPU
		{9E52DF8D-393A-40AE-AB4C-F5A680E2D226}.Debug|Any CPU.Deploy.0 = Debug|Any CPU
		{9E52DF8D-393A-40AE-AB4C-F5A680E2D226}.Release|Any CPU.ActiveCfg = Release|Any CPU
		{9E52DF8D-393A-40AE-AB4C-F5A680E2D226}.Release|Any CPU.Build.0 = Release|Any CPU
		{9E52DF8D-393A-40AE-AB4C-F5A680E2D226}.Release|Any CPU.Deploy.0 = Release|Any CPU
		{D1816281-DA5E-4E2E-B921-B7A8EF710D5B}.Debug|Any CPU.ActiveCfg = Debug|Any CPU
		{D1816281-DA5E-4E2E-B921-B7A8EF710D5B}.Debug|Any CPU.Build.0 = Debug|Any CPU
		{D1816281-DA5E-4E2E-B921-B7A8EF710D5B}.Release|Any CPU.ActiveCfg = Release|Any CPU
		{D1816281-DA5E-4E2E-B921-B7A8EF710D5B}.Release|Any CPU.Build.0 = Release|Any CPU
	EndGlobalSection
	GlobalSection(SolutionProperties) = preSolution
		HideSolutionNode = FALSE
	EndGlobalSection
	GlobalSection(ExtensibilityGlobals) = postSolution
		SolutionGuid = {9FD9BA75-D078-4369-B6E0-E43DC0905098}
	EndGlobalSection
EndGlobal
